
Microsoft Visual Studio Solution File, Format Version 12.00
# Visual Studio Version 17
VisualStudioVersion = 17.13.35806.99
MinimumVisualStudioVersion = 10.0.40219.1
Project("{FAE04EC0-301F-11D3-BF4B-00C04F79EFBC}") = "Ex2", "Aula1_07_08_2025\Ex2.csproj", "{65EB8E2E-8924-4EBA-B4C4-163C84E90AEF}"
EndProject
Project("{FAE04EC0-301F-11D3-BF4B-00C04F79EFBC}") = "Ex1", "Ex1\Ex1.csproj", "{E2433A99-395C-432C-822E-C863F720CA53}"
EndProject
Project("{FAE04EC0-301F-11D3-BF4B-00C04F79EFBC}") = "Ex3", "Ex3\Ex3.csproj", "{B156D8F3-D882-4202-B4F2-66AAB4689ACE}"
EndProject
Project("{FAE04EC0-301F-11D3-BF4B-00C04F79EFBC}") = "Ex4", "Ex4\Ex4.csproj", "{CA14A1AA-D6CB-4ADD-9E1C-9B4A5B23507A}"
EndProject
Project("{FAE04EC0-301F-11D3-BF4B-00C04F79EFBC}") = "Ex5", "Ex5\Ex5.csproj", "{A2DAC3CE-B5F6-497D-8DC7-28697C69D70B}"
EndProject
Global
	GlobalSection(SolutionConfigurationPlatforms) = preSolution
		Debug|Any CPU = Debug|Any CPU
		Release|Any CPU = Release|Any CPU
	EndGlobalSection
	GlobalSection(ProjectConfigurationPlatforms) = postSolution
		{65EB8E2E-8924-4EBA-B4C4-163C84E90AEF}.Debug|Any CPU.ActiveCfg = Debug|Any CPU
		{65EB8E2E-8924-4EBA-B4C4-163C84E90AEF}.Debug|Any CPU.Build.0 = Debug|Any CPU
		{65EB8E2E-8924-4EBA-B4C4-163C84E90AEF}.Release|Any CPU.ActiveCfg = Release|Any CPU
		{65EB8E2E-8924-4EBA-B4C4-163C84E90AEF}.Release|Any CPU.Build.0 = Release|Any CPU
		{E2433A99-395C-432C-822E-C863F720CA53}.Debug|Any CPU.ActiveCfg = Debug|Any CPU
		{E2433A99-395C-432C-822E-C863F720CA53}.Debug|Any CPU.Build.0 = Debug|Any CPU
		{E2433A99-395C-432C-822E-C863F720CA53}.Release|Any CPU.ActiveCfg = Release|Any CPU
		{E2433A99-395C-432C-822E-C863F720CA53}.Release|Any CPU.Build.0 = Release|Any CPU
		{B156D8F3-D882-4202-B4F2-66AAB4689ACE}.Debug|Any CPU.ActiveCfg = Debug|Any CPU
		{B156D8F3-D882-4202-B4F2-66AAB4689ACE}.Debug|Any CPU.Build.0 = Debug|Any CPU
		{B156D8F3-D882-4202-B4F2-66AAB4689ACE}.Release|Any CPU.ActiveCfg = Release|Any CPU
		{B156D8F3-D882-4202-B4F2-66AAB4689ACE}.Release|Any CPU.Build.0 = Release|Any CPU
		{CA14A1AA-D6CB-4ADD-9E1C-9B4A5B23507A}.Debug|Any CPU.ActiveCfg = Debug|Any CPU
		{CA14A1AA-D6CB-4ADD-9E1C-9B4A5B23507A}.Debug|Any CPU.Build.0 = Debug|Any CPU
		{CA14A1AA-D6CB-4ADD-9E1C-9B4A5B23507A}.Release|Any CPU.ActiveCfg = Release|Any CPU
		{CA14A1AA-D6CB-4ADD-9E1C-9B4A5B23507A}.Release|Any CPU.Build.0 = Release|Any CPU
		{A2DAC3CE-B5F6-497D-8DC7-28697C69D70B}.Debug|Any CPU.ActiveCfg = Debug|Any CPU
		{A2DAC3CE-B5F6-497D-8DC7-28697C69D70B}.Debug|Any CPU.Build.0 = Debug|Any CPU
		{A2DAC3CE-B5F6-497D-8DC7-28697C69D70B}.Release|Any CPU.ActiveCfg = Release|Any CPU
		{A2DAC3CE-B5F6-497D-8DC7-28697C69D70B}.Release|Any CPU.Build.0 = Release|Any CPU
	EndGlobalSection
	GlobalSection(SolutionProperties) = preSolution
		HideSolutionNode = FALSE
	EndGlobalSection
	GlobalSection(ExtensibilityGlobals) = postSolution
		SolutionGuid = {CADE23D3-4D21-47E6-B803-C9155E70CC3F}
	EndGlobalSection
EndGlobal
